
Microsoft Visual Studio Solution File, Format Version 12.00
# Visual Studio Version 16
VisualStudioVersion = 16.0.30320.27
MinimumVisualStudioVersion = 10.0.40219.1
Project("{00D1A9C2-B5F0-4AF3-8072-F6C62B433612}") = "CinemaDB", "CinemaDB\CinemaDB.sqlproj", "{4D321D30-27FE-4104-ACC3-7996EC7AA8A6}"
EndProject
Project("{2150E333-8FDC-42A3-9474-1A3956D46DE8}") = "Data", "Data", "{1D84BFA7-AA3A-4D5C-AF53-9B1CAA03755C}"
EndProject
Project("{2150E333-8FDC-42A3-9474-1A3956D46DE8}") = "API", "API", "{41138561-D9CF-490F-8C29-2B27EE2004ED}"
EndProject
Project("{FAE04EC0-301F-11D3-BF4B-00C04F79EFBC}") = "CinemaAPI", "CinemaAPI\CinemaAPI.csproj", "{B93C51B0-8D00-473B-B462-0C00666C3E2D}"
EndProject
Global
	GlobalSection(SolutionConfigurationPlatforms) = preSolution
		Debug|Any CPU = Debug|Any CPU
		Release|Any CPU = Release|Any CPU
	EndGlobalSection
	GlobalSection(ProjectConfigurationPlatforms) = postSolution
		{4D321D30-27FE-4104-ACC3-7996EC7AA8A6}.Debug|Any CPU.ActiveCfg = Debug|Any CPU
		{4D321D30-27FE-4104-ACC3-7996EC7AA8A6}.Debug|Any CPU.Build.0 = Debug|Any CPU
		{4D321D30-27FE-4104-ACC3-7996EC7AA8A6}.Debug|Any CPU.Deploy.0 = Debug|Any CPU
		{4D321D30-27FE-4104-ACC3-7996EC7AA8A6}.Release|Any CPU.ActiveCfg = Release|Any CPU
		{4D321D30-27FE-4104-ACC3-7996EC7AA8A6}.Release|Any CPU.Build.0 = Release|Any CPU
		{4D321D30-27FE-4104-ACC3-7996EC7AA8A6}.Release|Any CPU.Deploy.0 = Release|Any CPU
		{B93C51B0-8D00-473B-B462-0C00666C3E2D}.Debug|Any CPU.ActiveCfg = Debug|Any CPU
		{B93C51B0-8D00-473B-B462-0C00666C3E2D}.Debug|Any CPU.Build.0 = Debug|Any CPU
		{B93C51B0-8D00-473B-B462-0C00666C3E2D}.Release|Any CPU.ActiveCfg = Release|Any CPU
		{B93C51B0-8D00-473B-B462-0C00666C3E2D}.Release|Any CPU.Build.0 = Release|Any CPU
	EndGlobalSection
	GlobalSection(SolutionProperties) = preSolution
		HideSolutionNode = FALSE
	EndGlobalSection
	GlobalSection(NestedProjects) = preSolution
		{4D321D30-27FE-4104-ACC3-7996EC7AA8A6} = {1D84BFA7-AA3A-4D5C-AF53-9B1CAA03755C}
		{B93C51B0-8D00-473B-B462-0C00666C3E2D} = {41138561-D9CF-490F-8C29-2B27EE2004ED}
	EndGlobalSection
	GlobalSection(ExtensibilityGlobals) = postSolution
		SolutionGuid = {85A11271-F78D-4871-98D7-8B9E60B5C9B0}
	EndGlobalSection
EndGlobal
